
Microsoft Visual Studio Solution File, Format Version 12.00
# Visual Studio Version 16
VisualStudioVersion = 16.0.29905.134
MinimumVisualStudioVersion = 10.0.40219.1
Project("{8BC9CEB8-8B4A-11D0-8D11-00A0C91BC942}") = "week10", "week10.vcxproj", "{9E158761-6C96-4F82-8C42-39C6B33DC4D2}"
EndProject
Global
	GlobalSection(SolutionConfigurationPlatforms) = preSolution
		Debug|x64 = Debug|x64
		Debug|x86 = Debug|x86
		Release|x64 = Release|x64
		Release|x86 = Release|x86
	EndGlobalSection
	GlobalSection(ProjectConfigurationPlatforms) = postSolution
		{9E158761-6C96-4F82-8C42-39C6B33DC4D2}.Debug|x64.ActiveCfg = Debug|x64
		{9E158761-6C96-4F82-8C42-39C6B33DC4D2}.Debug|x64.Build.0 = Debug|x64
		{9E158761-6C96-4F82-8C42-39C6B33DC4D2}.Debug|x86.ActiveCfg = Debug|Win32
		{9E158761-6C96-4F82-8C42-39C6B33DC4D2}.Debug|x86.Build.0 = Debug|Win32
		{9E158761-6C96-4F82-8C42-39C6B33DC4D2}.Release|x64.ActiveCfg = Release|x64
		{9E158761-6C96-4F82-8C42-39C6B33DC4D2}.Release|x64.Build.0 = Release|x64
		{9E158761-6C96-4F82-8C42-39C6B33DC4D2}.Release|x86.ActiveCfg = Release|Win32
		{9E158761-6C96-4F82-8C42-39C6B33DC4D2}.Release|x86.Build.0 = Release|Win32
	EndGlobalSection
	GlobalSection(SolutionProperties) = preSolution
		HideSolutionNode = FALSE
	EndGlobalSection
	GlobalSection(ExtensibilityGlobals) = postSolution
		SolutionGuid = {B33A7F60-F0C4-4BDC-AA40-970251432104}
	EndGlobalSection
EndGlobal
