
Microsoft Visual Studio Solution File, Format Version 12.00
# Visual Studio Version 16
VisualStudioVersion = 16.0.29905.134
MinimumVisualStudioVersion = 10.0.40219.1
Project("{8BC9CEB8-8B4A-11D0-8D11-00A0C91BC942}") = "StringPointer", "StringPointer.vcxproj", "{5E4A1C6B-8EB1-4D22-BE1F-C1CC92BA3DA4}"
EndProject
Global
	GlobalSection(SolutionConfigurationPlatforms) = preSolution
		Debug|x64 = Debug|x64
		Debug|x86 = Debug|x86
		Release|x64 = Release|x64
		Release|x86 = Release|x86
	EndGlobalSection
	GlobalSection(ProjectConfigurationPlatforms) = postSolution
		{5E4A1C6B-8EB1-4D22-BE1F-C1CC92BA3DA4}.Debug|x64.ActiveCfg = Debug|x64
		{5E4A1C6B-8EB1-4D22-BE1F-C1CC92BA3DA4}.Debug|x64.Build.0 = Debug|x64
		{5E4A1C6B-8EB1-4D22-BE1F-C1CC92BA3DA4}.Debug|x86.ActiveCfg = Debug|Win32
		{5E4A1C6B-8EB1-4D22-BE1F-C1CC92BA3DA4}.Debug|x86.Build.0 = Debug|Win32
		{5E4A1C6B-8EB1-4D22-BE1F-C1CC92BA3DA4}.Release|x64.ActiveCfg = Release|x64
		{5E4A1C6B-8EB1-4D22-BE1F-C1CC92BA3DA4}.Release|x64.Build.0 = Release|x64
		{5E4A1C6B-8EB1-4D22-BE1F-C1CC92BA3DA4}.Release|x86.ActiveCfg = Release|Win32
		{5E4A1C6B-8EB1-4D22-BE1F-C1CC92BA3DA4}.Release|x86.Build.0 = Release|Win32
	EndGlobalSection
	GlobalSection(SolutionProperties) = preSolution
		HideSolutionNode = FALSE
	EndGlobalSection
	GlobalSection(ExtensibilityGlobals) = postSolution
		SolutionGuid = {797B37AE-68AE-42F4-9AFB-ABD88E15989F}
	EndGlobalSection
EndGlobal
